
Microsoft Visual Studio Solution File, Format Version 12.00
# Visual Studio Version 17
VisualStudioVersion = 17.5.33516.290
MinimumVisualStudioVersion = 10.0.40219.1
Project("{FAE04EC0-301F-11D3-BF4B-00C04F79EFBC}") = "CSharpBasics", "CSharpBasics.csproj", "{43C97723-53E6-4FD3-B47F-5FACFBC16F3D}"
EndProject
Project("{FAE04EC0-301F-11D3-BF4B-00C04F79EFBC}") = "Buket", "..\Buket\Buket.csproj", "{F13AA1DB-C66A-4C59-906D-705E137BEB32}"
EndProject
Global
	GlobalSection(SolutionConfigurationPlatforms) = preSolution
		Debug|Any CPU = Debug|Any CPU
		Release|Any CPU = Release|Any CPU
	EndGlobalSection
	GlobalSection(ProjectConfigurationPlatforms) = postSolution
		{43C97723-53E6-4FD3-B47F-5FACFBC16F3D}.Debug|Any CPU.ActiveCfg = Debug|Any CPU
		{43C97723-53E6-4FD3-B47F-5FACFBC16F3D}.Debug|Any CPU.Build.0 = Debug|Any CPU
		{43C97723-53E6-4FD3-B47F-5FACFBC16F3D}.Release|Any CPU.ActiveCfg = Release|Any CPU
		{43C97723-53E6-4FD3-B47F-5FACFBC16F3D}.Release|Any CPU.Build.0 = Release|Any CPU
		{F13AA1DB-C66A-4C59-906D-705E137BEB32}.Debug|Any CPU.ActiveCfg = Debug|Any CPU
		{F13AA1DB-C66A-4C59-906D-705E137BEB32}.Debug|Any CPU.Build.0 = Debug|Any CPU
		{F13AA1DB-C66A-4C59-906D-705E137BEB32}.Release|Any CPU.ActiveCfg = Release|Any CPU
		{F13AA1DB-C66A-4C59-906D-705E137BEB32}.Release|Any CPU.Build.0 = Release|Any CPU
	EndGlobalSection
	GlobalSection(SolutionProperties) = preSolution
		HideSolutionNode = FALSE
	EndGlobalSection
	GlobalSection(ExtensibilityGlobals) = postSolution
		SolutionGuid = {E3E9071B-AB13-4D1C-BBF3-99F0A79C16E5}
	EndGlobalSection
EndGlobal
