
Microsoft Visual Studio Solution File, Format Version 12.00
# Visual Studio Version 17
VisualStudioVersion = 17.9.34728.123
MinimumVisualStudioVersion = 10.0.40219.1
Project("{FAE04EC0-301F-11D3-BF4B-00C04F79EFBC}") = "Nasledyavane", "Nasledyavane.csproj", "{2E8CDB26-5DD4-44A4-B99D-6AC547C055EF}"
EndProject
Global
	GlobalSection(SolutionConfigurationPlatforms) = preSolution
		Debug|Any CPU = Debug|Any CPU
		Release|Any CPU = Release|Any CPU
	EndGlobalSection
	GlobalSection(ProjectConfigurationPlatforms) = postSolution
		{2E8CDB26-5DD4-44A4-B99D-6AC547C055EF}.Debug|Any CPU.ActiveCfg = Debug|Any CPU
		{2E8CDB26-5DD4-44A4-B99D-6AC547C055EF}.Debug|Any CPU.Build.0 = Debug|Any CPU
		{2E8CDB26-5DD4-44A4-B99D-6AC547C055EF}.Release|Any CPU.ActiveCfg = Release|Any CPU
		{2E8CDB26-5DD4-44A4-B99D-6AC547C055EF}.Release|Any CPU.Build.0 = Release|Any CPU
	EndGlobalSection
	GlobalSection(SolutionProperties) = preSolution
		HideSolutionNode = FALSE
	EndGlobalSection
	GlobalSection(ExtensibilityGlobals) = postSolution
		SolutionGuid = {320D8BDA-AB50-4E96-90BD-459C45379044}
	EndGlobalSection
EndGlobal
